
Microsoft Visual Studio Solution File, Format Version 12.00
# Visual Studio Version 17
VisualStudioVersion = 17.0.31903.59
MinimumVisualStudioVersion = 10.0.40219.1
Project("{2150E333-8FDC-42A3-9474-1A3956D46DE8}") = "src", "src", "{827E0CD3-B72D-47B6-A68D-7590B98EB39B}"
EndProject
Project("{FAE04EC0-301F-11D3-BF4B-00C04F79EFBC}") = "WorkshopLab.AgentHost", "src\WorkshopLab.AgentHost\WorkshopLab.AgentHost.csproj", "{E156601C-57B0-4D5D-89D8-16D4B923465F}"
EndProject
Project("{FAE04EC0-301F-11D3-BF4B-00C04F79EFBC}") = "WorkshopLab.Core", "src\WorkshopLab.Core\WorkshopLab.Core.csproj", "{A2613C3A-E2CF-45C1-8EFA-95870E19A49F}"
EndProject
Project("{2150E333-8FDC-42A3-9474-1A3956D46DE8}") = "tests", "tests", "{0AB3BF05-4346-4AA6-1389-037BE0695223}"
EndProject
Project("{FAE04EC0-301F-11D3-BF4B-00C04F79EFBC}") = "WorkshopLab.Tests", "tests\WorkshopLab.Tests\WorkshopLab.Tests.csproj", "{03AEC066-2CAC-479A-892B-DF006AFEA699}"
EndProject
Project("{FAE04EC0-301F-11D3-BF4B-00C04F79EFBC}") = "WorkshopLab.FoundryDeployment", "src\WorkshopLab.FoundryDeployment\WorkshopLab.FoundryDeployment.csproj", "{4D4E3A0B-CC52-46AF-9A26-430CF2F5342C}"
EndProject
Project("{FAE04EC0-301F-11D3-BF4B-00C04F79EFBC}") = "WorkshopLab.ChatUI", "src\WorkshopLab.ChatUI\WorkshopLab.ChatUI.csproj", "{8CA4FE30-DD52-4ACD-A186-73DC0B620467}"
EndProject
Project("{FAE04EC0-301F-11D3-BF4B-00C04F79EFBC}") = "WorkshopLab.SmokeTests", "src\WorkshopLab.SmokeTests\WorkshopLab.SmokeTests.csproj", "{D5621539-4152-4E3F-A827-41744AB3F722}"
EndProject
Global
	GlobalSection(SolutionConfigurationPlatforms) = preSolution
		Debug|Any CPU = Debug|Any CPU
		Debug|x64 = Debug|x64
		Debug|x86 = Debug|x86
		Release|Any CPU = Release|Any CPU
		Release|x64 = Release|x64
		Release|x86 = Release|x86
	EndGlobalSection
	GlobalSection(ProjectConfigurationPlatforms) = postSolution
		{E156601C-57B0-4D5D-89D8-16D4B923465F}.Debug|Any CPU.ActiveCfg = Debug|Any CPU
		{E156601C-57B0-4D5D-89D8-16D4B923465F}.Debug|Any CPU.Build.0 = Debug|Any CPU
		{E156601C-57B0-4D5D-89D8-16D4B923465F}.Debug|x64.ActiveCfg = Debug|Any CPU
		{E156601C-57B0-4D5D-89D8-16D4B923465F}.Debug|x64.Build.0 = Debug|Any CPU
		{E156601C-57B0-4D5D-89D8-16D4B923465F}.Debug|x86.ActiveCfg = Debug|Any CPU
		{E156601C-57B0-4D5D-89D8-16D4B923465F}.Debug|x86.Build.0 = Debug|Any CPU
		{E156601C-57B0-4D5D-89D8-16D4B923465F}.Release|Any CPU.ActiveCfg = Release|Any CPU
		{E156601C-57B0-4D5D-89D8-16D4B923465F}.Release|Any CPU.Build.0 = Release|Any CPU
		{E156601C-57B0-4D5D-89D8-16D4B923465F}.Release|x64.ActiveCfg = Release|Any CPU
		{E156601C-57B0-4D5D-89D8-16D4B923465F}.Release|x64.Build.0 = Release|Any CPU
		{E156601C-57B0-4D5D-89D8-16D4B923465F}.Release|x86.ActiveCfg = Release|Any CPU
		{E156601C-57B0-4D5D-89D8-16D4B923465F}.Release|x86.Build.0 = Release|Any CPU
		{A2613C3A-E2CF-45C1-8EFA-95870E19A49F}.Debug|Any CPU.ActiveCfg = Debug|Any CPU
		{A2613C3A-E2CF-45C1-8EFA-95870E19A49F}.Debug|Any CPU.Build.0 = Debug|Any CPU
		{A2613C3A-E2CF-45C1-8EFA-95870E19A49F}.Debug|x64.ActiveCfg = Debug|Any CPU
		{A2613C3A-E2CF-45C1-8EFA-95870E19A49F}.Debug|x64.Build.0 = Debug|Any CPU
		{A2613C3A-E2CF-45C1-8EFA-95870E19A49F}.Debug|x86.ActiveCfg = Debug|Any CPU
		{A2613C3A-E2CF-45C1-8EFA-95870E19A49F}.Debug|x86.Build.0 = Debug|Any CPU
		{A2613C3A-E2CF-45C1-8EFA-95870E19A49F}.Release|Any CPU.ActiveCfg = Release|Any CPU
		{A2613C3A-E2CF-45C1-8EFA-95870E19A49F}.Release|Any CPU.Build.0 = Release|Any CPU
		{A2613C3A-E2CF-45C1-8EFA-95870E19A49F}.Release|x64.ActiveCfg = Release|Any CPU
		{A2613C3A-E2CF-45C1-8EFA-95870E19A49F}.Release|x64.Build.0 = Release|Any CPU
		{A2613C3A-E2CF-45C1-8EFA-95870E19A49F}.Release|x86.ActiveCfg = Release|Any CPU
		{A2613C3A-E2CF-45C1-8EFA-95870E19A49F}.Release|x86.Build.0 = Release|Any CPU
		{03AEC066-2CAC-479A-892B-DF006AFEA699}.Debug|Any CPU.ActiveCfg = Debug|Any CPU
		{03AEC066-2CAC-479A-892B-DF006AFEA699}.Debug|Any CPU.Build.0 = Debug|Any CPU
		{03AEC066-2CAC-479A-892B-DF006AFEA699}.Debug|x64.ActiveCfg = Debug|Any CPU
		{03AEC066-2CAC-479A-892B-DF006AFEA699}.Debug|x64.Build.0 = Debug|Any CPU
		{03AEC066-2CAC-479A-892B-DF006AFEA699}.Debug|x86.ActiveCfg = Debug|Any CPU
		{03AEC066-2CAC-479A-892B-DF006AFEA699}.Debug|x86.Build.0 = Debug|Any CPU
		{03AEC066-2CAC-479A-892B-DF006AFEA699}.Release|Any CPU.ActiveCfg = Release|Any CPU
		{03AEC066-2CAC-479A-892B-DF006AFEA699}.Release|Any CPU.Build.0 = Release|Any CPU
		{03AEC066-2CAC-479A-892B-DF006AFEA699}.Release|x64.ActiveCfg = Release|Any CPU
		{03AEC066-2CAC-479A-892B-DF006AFEA699}.Release|x64.Build.0 = Release|Any CPU
		{03AEC066-2CAC-479A-892B-DF006AFEA699}.Release|x86.ActiveCfg = Release|Any CPU
		{03AEC066-2CAC-479A-892B-DF006AFEA699}.Release|x86.Build.0 = Release|Any CPU
		{4D4E3A0B-CC52-46AF-9A26-430CF2F5342C}.Debug|Any CPU.ActiveCfg = Debug|Any CPU
		{4D4E3A0B-CC52-46AF-9A26-430CF2F5342C}.Debug|Any CPU.Build.0 = Debug|Any CPU
		{4D4E3A0B-CC52-46AF-9A26-430CF2F5342C}.Debug|x64.ActiveCfg = Debug|Any CPU
		{4D4E3A0B-CC52-46AF-9A26-430CF2F5342C}.Debug|x64.Build.0 = Debug|Any CPU
		{4D4E3A0B-CC52-46AF-9A26-430CF2F5342C}.Debug|x86.ActiveCfg = Debug|Any CPU
		{4D4E3A0B-CC52-46AF-9A26-430CF2F5342C}.Debug|x86.Build.0 = Debug|Any CPU
		{4D4E3A0B-CC52-46AF-9A26-430CF2F5342C}.Release|Any CPU.ActiveCfg = Release|Any CPU
		{4D4E3A0B-CC52-46AF-9A26-430CF2F5342C}.Release|Any CPU.Build.0 = Release|Any CPU
		{4D4E3A0B-CC52-46AF-9A26-430CF2F5342C}.Release|x64.ActiveCfg = Release|Any CPU
		{4D4E3A0B-CC52-46AF-9A26-430CF2F5342C}.Release|x64.Build.0 = Release|Any CPU
		{4D4E3A0B-CC52-46AF-9A26-430CF2F5342C}.Release|x86.ActiveCfg = Release|Any CPU
		{4D4E3A0B-CC52-46AF-9A26-430CF2F5342C}.Release|x86.Build.0 = Release|Any CPU
		{8CA4FE30-DD52-4ACD-A186-73DC0B620467}.Debug|Any CPU.ActiveCfg = Debug|Any CPU
		{8CA4FE30-DD52-4ACD-A186-73DC0B620467}.Debug|Any CPU.Build.0 = Debug|Any CPU
		{8CA4FE30-DD52-4ACD-A186-73DC0B620467}.Debug|x64.ActiveCfg = Debug|Any CPU
		{8CA4FE30-DD52-4ACD-A186-73DC0B620467}.Debug|x64.Build.0 = Debug|Any CPU
		{8CA4FE30-DD52-4ACD-A186-73DC0B620467}.Debug|x86.ActiveCfg = Debug|Any CPU
		{8CA4FE30-DD52-4ACD-A186-73DC0B620467}.Debug|x86.Build.0 = Debug|Any CPU
		{8CA4FE30-DD52-4ACD-A186-73DC0B620467}.Release|Any CPU.ActiveCfg = Release|Any CPU
		{8CA4FE30-DD52-4ACD-A186-73DC0B620467}.Release|Any CPU.Build.0 = Release|Any CPU
		{8CA4FE30-DD52-4ACD-A186-73DC0B620467}.Release|x64.ActiveCfg = Release|Any CPU
		{8CA4FE30-DD52-4ACD-A186-73DC0B620467}.Release|x64.Build.0 = Release|Any CPU
		{8CA4FE30-DD52-4ACD-A186-73DC0B620467}.Release|x86.ActiveCfg = Release|Any CPU
		{8CA4FE30-DD52-4ACD-A186-73DC0B620467}.Release|x86.Build.0 = Release|Any CPU
		{D5621539-4152-4E3F-A827-41744AB3F722}.Debug|Any CPU.ActiveCfg = Debug|Any CPU
		{D5621539-4152-4E3F-A827-41744AB3F722}.Debug|Any CPU.Build.0 = Debug|Any CPU
		{D5621539-4152-4E3F-A827-41744AB3F722}.Debug|x64.ActiveCfg = Debug|Any CPU
		{D5621539-4152-4E3F-A827-41744AB3F722}.Debug|x64.Build.0 = Debug|Any CPU
		{D5621539-4152-4E3F-A827-41744AB3F722}.Debug|x86.ActiveCfg = Debug|Any CPU
		{D5621539-4152-4E3F-A827-41744AB3F722}.Debug|x86.Build.0 = Debug|Any CPU
		{D5621539-4152-4E3F-A827-41744AB3F722}.Release|Any CPU.ActiveCfg = Release|Any CPU
		{D5621539-4152-4E3F-A827-41744AB3F722}.Release|Any CPU.Build.0 = Release|Any CPU
		{D5621539-4152-4E3F-A827-41744AB3F722}.Release|x64.ActiveCfg = Release|Any CPU
		{D5621539-4152-4E3F-A827-41744AB3F722}.Release|x64.Build.0 = Release|Any CPU
		{D5621539-4152-4E3F-A827-41744AB3F722}.Release|x86.ActiveCfg = Release|Any CPU
		{D5621539-4152-4E3F-A827-41744AB3F722}.Release|x86.Build.0 = Release|Any CPU
	EndGlobalSection
	GlobalSection(SolutionProperties) = preSolution
		HideSolutionNode = FALSE
	EndGlobalSection
	GlobalSection(NestedProjects) = preSolution
		{E156601C-57B0-4D5D-89D8-16D4B923465F} = {827E0CD3-B72D-47B6-A68D-7590B98EB39B}
		{A2613C3A-E2CF-45C1-8EFA-95870E19A49F} = {827E0CD3-B72D-47B6-A68D-7590B98EB39B}
		{03AEC066-2CAC-479A-892B-DF006AFEA699} = {0AB3BF05-4346-4AA6-1389-037BE0695223}
		{4D4E3A0B-CC52-46AF-9A26-430CF2F5342C} = {827E0CD3-B72D-47B6-A68D-7590B98EB39B}
		{8CA4FE30-DD52-4ACD-A186-73DC0B620467} = {827E0CD3-B72D-47B6-A68D-7590B98EB39B}
		{D5621539-4152-4E3F-A827-41744AB3F722} = {827E0CD3-B72D-47B6-A68D-7590B98EB39B}
	EndGlobalSection
EndGlobal
